github.com/eu-sovereign-cloud/go-sdk v0.4.3 h1:Xb9YuN7aR21mJj+a1UPKYKWJ0FnUs0HHz1zCSaW2bJk=
github.com/eu-sovereign-cloud/go-sdk v0.4.3/go.mod h1:6kH3ooOLCTIE2TM1y8NphibiqItyrZ2yvJYFN1M0lrE=
github.com/stretchr/testify v1.11.1/go.mod h1:wZwfW3scLgRK+23gO65QZefKpKQRnfz6sD981Nm4B6U=
go.uber.org/mock v0.6.0/go.mod h1:KiVJ4BqZJaMj4svdfmHM0AUx4NJYO8ZNpPnZn1Z+BBU=
k8s.io/apimachinery v0.35.0 h1:Z2L3IHvPVv/MJ7xRxHEtk6GoJElaAqDCCU0S6ncYok8=
k8s.io/apimachinery v0.35.0/go.mod h1:jQCgFZFR1F4Ik7hvr2g84RTJSZegBc8yHgFWKn//hns=
k8s.io/client-go v0.35.0 h1:IAW0ifFbfQQwQmga0UdoH0yvdqrbwMdq9vIFEhRpxBE=
k8s.io/client-go v0.35.0/go.mod h1:q2E5AAyqcbeLGPdoRB+Nxe3KYTfPce1Dnu1myQdqz9o=
sigs.k8s.io/controller-runtime v0.23.1 h1:TjJSM80Nf43Mg21+RCy3J70aj/W6KyvDtOlpKf+PupE=
sigs.k8s.io/controller-runtime v0.23.1/go.mod h1:B6COOxKptp+YaUT5q4l6LqUJTRpizbgf9KSRNdQGns0=
