github.com/Arubacloud/arubacloud-resource-operator v0.0.1-alpha4 h1:IrKS8z3gvBDjpctjGRg1YGl3y1i0jxpdEuxzCgC1W2M=
github.com/Arubacloud/arubacloud-resource-operator v0.0.1-alpha4/go.mod h1:yUETXqW6kqKRmuc3IbXsEnYSDy3W/IWdgyrS+thSkrI=
go.uber.org/mock v0.6.0 h1:hyF9dfmbgIX5EfOdasqLsWD6xqpNZlXblLB/Dbnwv3Y=
go.uber.org/mock v0.6.0/go.mod h1:KiVJ4BqZJaMj4svdfmHM0AUx4NJYO8ZNpPnZn1Z+BBU=
